# This file is @generated by PDM.
# It is not intended for manual editing.

[metadata]
groups = ["default", "pytest"]
strategy = ["inherit_metadata"]
lock_version = "4.5.0"
content_hash = "sha256:d616fd9e33d288f40f4a45e7fbac3dcf4a6d5073426484f53237a3d1890504d9"

[[metadata.targets]]
requires_python = "==3.8.*"
